
Microsoft Visual Studio Solution File, Format Version 12.00
# Visual Studio 15
VisualStudioVersion = 15.0.27428.2037
MinimumVisualStudioVersion = 10.0.40219.1
Project("{FAE04EC0-301F-11D3-BF4B-00C04F79EFBC}") = "HomeWork4", "HomeWork4\HomeWork4.csproj", "{EBFF2A59-F990-489A-8036-3D37F4178788}"
EndProject
Global
	GlobalSection(SolutionConfigurationPlatforms) = preSolution
		Debug|Any CPU = Debug|Any CPU
		Release|Any CPU = Release|Any CPU
	EndGlobalSection
	GlobalSection(ProjectConfigurationPlatforms) = postSolution
		{EBFF2A59-F990-489A-8036-3D37F4178788}.Debug|Any CPU.ActiveCfg = Debug|Any CPU
		{EBFF2A59-F990-489A-8036-3D37F4178788}.Debug|Any CPU.Build.0 = Debug|Any CPU
		{EBFF2A59-F990-489A-8036-3D37F4178788}.Release|Any CPU.ActiveCfg = Release|Any CPU
		{EBFF2A59-F990-489A-8036-3D37F4178788}.Release|Any CPU.Build.0 = Release|Any CPU
	EndGlobalSection
	GlobalSection(SolutionProperties) = preSolution
		HideSolutionNode = FALSE
	EndGlobalSection
	GlobalSection(ExtensibilityGlobals) = postSolution
		SolutionGuid = {685AB06A-5E9F-44BA-A7D2-62A02990A6D9}
	EndGlobalSection
EndGlobal
